
Microsoft Visual Studio Solution File, Format Version 12.00
# Visual Studio Version 16
VisualStudioVersion = 16.0.32228.343
MinimumVisualStudioVersion = 10.0.40219.1
Project("{FAE04EC0-301F-11D3-BF4B-00C04F79EFBC}") = "Gainsco.ClaimCenter.CodedUITests.Framework", "Gainsco.ClaimCenter.CodedUITests.Framework\Gainsco.ClaimCenter.CodedUITests.Framework.csproj", "{E1DD4597-3D53-4690-8350-A7FF9386BAFB}"
EndProject
Project("{2150E333-8FDC-42A3-9474-1A3956D46DE8}") = ".nuget", ".nuget", "{D3C533C5-4B4C-4516-A94C-2DF7AE28C6B9}"
	ProjectSection(SolutionItems) = preProject
		.nuget\NuGet.config = .nuget\NuGet.config
	EndProjectSection
EndProject
Project("{9A19103F-16F7-4668-BE54-9A1E7A4F7556}") = "Gainsco.ClaimCenter.Build", "Gainsco.ClaimCenter.Build\Gainsco.ClaimCenter.Build.csproj", "{F5A14B45-0F63-40B8-932A-A7F3A74764EE}"
EndProject
Project("{FAE04EC0-301F-11D3-BF4B-00C04F79EFBC}") = "Gainsco.ClaimCenter.CodedUITests", "Gainco.ClaimCenter.CodedUITests\Gainsco.ClaimCenter.CodedUITests.csproj", "{C0658124-4F5D-43A8-BAC4-4E5E5799206B}"
EndProject
Global
	GlobalSection(SolutionConfigurationPlatforms) = preSolution
		Debug|Any CPU = Debug|Any CPU
		Release|Any CPU = Release|Any CPU
	EndGlobalSection
	GlobalSection(ProjectConfigurationPlatforms) = postSolution
		{E1DD4597-3D53-4690-8350-A7FF9386BAFB}.Debug|Any CPU.ActiveCfg = Debug|Any CPU
		{E1DD4597-3D53-4690-8350-A7FF9386BAFB}.Debug|Any CPU.Build.0 = Debug|Any CPU
		{E1DD4597-3D53-4690-8350-A7FF9386BAFB}.Release|Any CPU.ActiveCfg = Release|Any CPU
		{E1DD4597-3D53-4690-8350-A7FF9386BAFB}.Release|Any CPU.Build.0 = Release|Any CPU
		{F5A14B45-0F63-40B8-932A-A7F3A74764EE}.Debug|Any CPU.ActiveCfg = Debug|Any CPU
		{F5A14B45-0F63-40B8-932A-A7F3A74764EE}.Debug|Any CPU.Build.0 = Debug|Any CPU
		{F5A14B45-0F63-40B8-932A-A7F3A74764EE}.Release|Any CPU.ActiveCfg = Release|Any CPU
		{F5A14B45-0F63-40B8-932A-A7F3A74764EE}.Release|Any CPU.Build.0 = Release|Any CPU
		{C0658124-4F5D-43A8-BAC4-4E5E5799206B}.Debug|Any CPU.ActiveCfg = Debug|Any CPU
		{C0658124-4F5D-43A8-BAC4-4E5E5799206B}.Debug|Any CPU.Build.0 = Debug|Any CPU
		{C0658124-4F5D-43A8-BAC4-4E5E5799206B}.Release|Any CPU.ActiveCfg = Release|Any CPU
		{C0658124-4F5D-43A8-BAC4-4E5E5799206B}.Release|Any CPU.Build.0 = Release|Any CPU
	EndGlobalSection
	GlobalSection(SolutionProperties) = preSolution
		HideSolutionNode = FALSE
	EndGlobalSection
	GlobalSection(ExtensibilityGlobals) = postSolution
		SolutionGuid = {23EAD2A7-DD84-42CD-98CA-325BB3F11B86}
	EndGlobalSection
	GlobalSection(TeamFoundationVersionControl) = preSolution
		SccNumberOfProjects = 2
		SccEnterpriseProvider = {4CA58AB2-18FA-4F8D-95D4-32DDF27D184C}
		SccTeamFoundationServer = https://dev.azure.com/gainsco
		SccProjectUniqueName0 = Gainsco.ClaimCenter.CodedUITests.Framework\\Gainsco.ClaimCenter.CodedUITests.Framework.csproj
		SccProjectName0 = Gainsco.ClaimCenter.CodedUITests.Framework
		SccAuxPath0 = https://dev.azure.com/gainsco
		SccLocalPath0 = Gainsco.ClaimCenter.CodedUITests.Framework
		SccProvider0 = {4CA58AB2-18FA-4F8D-95D4-32DDF27D184C}
		SccProjectUniqueName1 = Gainco.ClaimCenter.CodedUITests\\Gainsco.ClaimCenter.CodedUITests.csproj
		SccProjectName1 = Gainco.ClaimCenter.CodedUITests
		SccAuxPath1 = https://dev.azure.com/gainsco
		SccLocalPath1 = Gainco.ClaimCenter.CodedUITests
		SccProvider1 = {4CA58AB2-18FA-4F8D-95D4-32DDF27D184C}
	EndGlobalSection
EndGlobal
